
Microsoft Visual Studio Solution File, Format Version 12.00
# Visual Studio Version 17
VisualStudioVersion = 17.2.32602.215
MinimumVisualStudioVersion = 10.0.40219.1
Project("{FAE04EC0-301F-11D3-BF4B-00C04F79EFBC}") = "Social-Network-Scrape-Pro", "Social-Network-Scrape-Pro\Social-Network-Scrape-Pro.csproj", "{A1A54DB5-9211-4D11-92DC-102D8CC68C0B}"
EndProject
Global
	GlobalSection(SolutionConfigurationPlatforms) = preSolution
		Debug|Any CPU = Debug|Any CPU
		Release|Any CPU = Release|Any CPU
	EndGlobalSection
	GlobalSection(ProjectConfigurationPlatforms) = postSolution
		{A1A54DB5-9211-4D11-92DC-102D8CC68C0B}.Debug|Any CPU.ActiveCfg = Debug|Any CPU
		{A1A54DB5-9211-4D11-92DC-102D8CC68C0B}.Debug|Any CPU.Build.0 = Debug|Any CPU
		{A1A54DB5-9211-4D11-92DC-102D8CC68C0B}.Release|Any CPU.ActiveCfg = Release|Any CPU
		{A1A54DB5-9211-4D11-92DC-102D8CC68C0B}.Release|Any CPU.Build.0 = Release|Any CPU
	EndGlobalSection
	GlobalSection(SolutionProperties) = preSolution
		HideSolutionNode = FALSE
	EndGlobalSection
	GlobalSection(ExtensibilityGlobals) = postSolution
		SolutionGuid = {FE63748D-5281-4A8B-A8A0-4037C8728F62}
	EndGlobalSection
EndGlobal
